
Microsoft Visual Studio Solution File, Format Version 12.00
# Visual Studio 15
VisualStudioVersion = 15.0.27130.2010
MinimumVisualStudioVersion = 10.0.40219.1
Project("{FAE04EC0-301F-11D3-BF4B-00C04F79EFBC}") = "RaceExecutor.UI", "RaceExecutor.UI\RaceExecutor.UI.csproj", "{6B088271-B5B6-4EBA-AEAA-F104F4112DDE}"
EndProject
Project("{2150E333-8FDC-42A3-9474-1A3956D46DE8}") = "Model", "Model", "{4B7C4FD7-2846-42C5-973E-6086B7F24E44}"
EndProject
Project("{FAE04EC0-301F-11D3-BF4B-00C04F79EFBC}") = "RaceExecutorModel", "RaceExecutorModel\RaceExecutorModel.csproj", "{6F17D189-D582-42F3-8FE1-4AC4095795FB}"
EndProject
Global
	GlobalSection(SolutionConfigurationPlatforms) = preSolution
		Debug|Any CPU = Debug|Any CPU
		Release|Any CPU = Release|Any CPU
	EndGlobalSection
	GlobalSection(ProjectConfigurationPlatforms) = postSolution
		{6B088271-B5B6-4EBA-AEAA-F104F4112DDE}.Debug|Any CPU.ActiveCfg = Debug|Any CPU
		{6B088271-B5B6-4EBA-AEAA-F104F4112DDE}.Debug|Any CPU.Build.0 = Debug|Any CPU
		{6B088271-B5B6-4EBA-AEAA-F104F4112DDE}.Release|Any CPU.ActiveCfg = Release|Any CPU
		{6B088271-B5B6-4EBA-AEAA-F104F4112DDE}.Release|Any CPU.Build.0 = Release|Any CPU
		{6F17D189-D582-42F3-8FE1-4AC4095795FB}.Debug|Any CPU.ActiveCfg = Debug|Any CPU
		{6F17D189-D582-42F3-8FE1-4AC4095795FB}.Debug|Any CPU.Build.0 = Debug|Any CPU
		{6F17D189-D582-42F3-8FE1-4AC4095795FB}.Release|Any CPU.ActiveCfg = Release|Any CPU
		{6F17D189-D582-42F3-8FE1-4AC4095795FB}.Release|Any CPU.Build.0 = Release|Any CPU
	EndGlobalSection
	GlobalSection(SolutionProperties) = preSolution
		HideSolutionNode = FALSE
	EndGlobalSection
	GlobalSection(NestedProjects) = preSolution
		{6F17D189-D582-42F3-8FE1-4AC4095795FB} = {4B7C4FD7-2846-42C5-973E-6086B7F24E44}
	EndGlobalSection
	GlobalSection(ExtensibilityGlobals) = postSolution
		SolutionGuid = {2D74A676-4F66-457D-9A52-1EF3117064A0}
	EndGlobalSection
	GlobalSection(TeamFoundationVersionControl) = preSolution
		SccNumberOfProjects = 3
		SccEnterpriseProvider = {4CA58AB2-18FA-4F8D-95D4-32DDF27D184C}
		SccTeamFoundationServer = https://sapanachaudhary.visualstudio.com/
		SccLocalPath0 = .
		SccProjectUniqueName1 = RaceExecutor.UI\\RaceExecutor.UI.csproj
		SccProjectName1 = RaceExecutor.UI
		SccLocalPath1 = RaceExecutor.UI
		SccProjectUniqueName2 = RaceExecutorModel\\RaceExecutorModel.csproj
		SccProjectTopLevelParentUniqueName2 = RaceExecutor.sln
		SccProjectName2 = RaceExecutorModel
		SccLocalPath2 = RaceExecutorModel
	EndGlobalSection
EndGlobal
